
Microsoft Visual Studio Solution File, Format Version 12.00
# Visual Studio Version 17
VisualStudioVersion = 17.4.33122.133
MinimumVisualStudioVersion = 10.0.40219.1
Project("{FAE04EC0-301F-11D3-BF4B-00C04F79EFBC}") = "GistPage", "GistPage\GistPage.csproj", "{31182BC8-C09D-453F-A410-59E9ED813358}"
EndProject
Global
	GlobalSection(SolutionConfigurationPlatforms) = preSolution
		Debug|Any CPU = Debug|Any CPU
		Release|Any CPU = Release|Any CPU
	EndGlobalSection
	GlobalSection(ProjectConfigurationPlatforms) = postSolution
		{31182BC8-C09D-453F-A410-59E9ED813358}.Debug|Any CPU.ActiveCfg = Debug|Any CPU
		{31182BC8-C09D-453F-A410-59E9ED813358}.Debug|Any CPU.Build.0 = Debug|Any CPU
		{31182BC8-C09D-453F-A410-59E9ED813358}.Release|Any CPU.ActiveCfg = Release|Any CPU
		{31182BC8-C09D-453F-A410-59E9ED813358}.Release|Any CPU.Build.0 = Release|Any CPU
	EndGlobalSection
	GlobalSection(SolutionProperties) = preSolution
		HideSolutionNode = FALSE
	EndGlobalSection
	GlobalSection(ExtensibilityGlobals) = postSolution
		SolutionGuid = {82EF2CDE-5932-4675-9B87-A464C9FD2424}
	EndGlobalSection
EndGlobal
